{
  "provider_schemas": {
    "registry.terraform.io/mongodb/mongodbatlas": {
      "resource_schemas": {
        "mongodbatlas_project": {
          "version": 0,
          "block": {
            "attributes": {
              "cluster_count": {
                "type": "number",
                "description_kind": "plain",
                "computed": true
              },
              "created": {
                "type": "string",
                "description_kind": "plain",
                "computed": true
              },
              "id": {
                "type": "string",
                "description_kind": "plain",
                "computed": true
              },
              "ip_addresses": {
                "nested_type": {
                  "attributes": {
                    "services": {
                      "nested_type": {
                        "attributes": {
                          "clusters": {
                            "nested_type": {
                              "attributes": {
                                "cluster_name": {
                                  "type": "string",
                                  "description_kind": "plain",
                                  "computed": true
                                },
                                "inbound": {
                                  "type": [
                                    "list",
                                    "string"
                                  ],
                                  "description_kind": "plain",
                                  "computed": true
                                },
                                "outbound": {
                                  "type": [
                                    "list",
                                    "string"
                                  ],
                                  "description_kind": "plain",
                                  "computed": true
                                }
                              },
                              "nesting_mode": "list"
                            },
                            "description_kind": "plain",
                            "computed": true
                          }
                        },
                        "nesting_mode": "single"
                      },
                      "description_kind": "plain",
                      "computed": true
                    }
                  },
                  "nesting_mode": "single"
                },
                "description_kind": "plain",
                "deprecated": true,
                "computed": true
              },
              "is_collect_database_specifics_statistics_enabled": {
                "type": "bool",
                "description_kind": "plain",
                "optional": true,
                "computed": true
              },
              "is_data_explorer_enabled": {
                "type": "bool",
                "description_kind": "plain",
                "optional": true,
                "computed": true
              },
              "is_extended_storage_sizes_enabled": {
                "type": "bool",
                "description_kind": "plain",
                "optional": true,
                "computed": true
              },
              "is_performance_advisor_enabled": {
                "type": "bool",
                "description_kind": "plain",
                "optional": true,
                "computed": true
              },
              "is_realtime_performance_panel_enabled": {
                "type": "bool",
                "description_kind": "plain",
                "optional": true,
                "computed": true
              },
              "is_schema_advisor_enabled": {
                "type": "bool",
                "description_kind": "plain",
                "optional": true,
                "computed": true
              },
              "is_slow_operation_thresholding_enabled": {
                "type": "bool",
                "description_kind": "plain",
                "deprecated": true,
                "optional": true,
                "computed": true
              },
              "name": {
                "type": "string",
                "description_kind": "plain",
                "required": true
              },
              "org_id": {
                "type": "string",
                "description_kind": "plain",
                "required": true
              },
              "project_owner_id": {
                "type": "string",
                "description_kind": "plain",
                "optional": true
              },
              "region_usage_restrictions": {
                "type": "string",
                "description_kind": "plain",
                "optional": true,
                "computed": true
              },
              "tags": {
                "type": [
                  "map",
                  "string"
                ],
                "description_kind": "plain",
                "optional": true
              },
              "with_default_alerts_settings": {
                "type": "bool",
                "description_kind": "plain",
                "optional": true,
                "computed": true
              }
            },
            "block_types": {
              "limits": {
                "nesting_mode": "set",
                "block": {
                  "attributes": {
                    "current_usage": {
                      "type": "number",
                      "description_kind": "plain",
                      "computed": true
                    },
                    "default_limit": {
                      "type": "number",
                      "description_kind": "plain",
                      "computed": true
                    },
                    "maximum_limit": {
                      "type": "number",
                      "description_kind": "plain",
                      "computed": true
                    },
                    "name": {
                      "type": "string",
                      "description_kind": "plain",
                      "required": true
                    },
                    "value": {
                      "type": "number",
                      "description_kind": "plain",
                      "required": true
                    }
                  },
                  "description_kind": "plain"
                }
              },
              "teams": {
                "nesting_mode": "set",
                "block": {
                  "attributes": {
                    "role_names": {
                      "type": [
                        "set",
                        "string"
                      ],
                      "description_kind": "plain",
                      "required": true
                    },
                    "team_id": {
                      "type": "string",
                      "description_kind": "plain",
                      "required": true
                    }
                  },
                  "description_kind": "plain",
                  "deprecated": true
                }
              }
            },
            "description_kind": "plain"
          }
        },
        "mongodbatlas_cloud_backup_schedule": {
          "version": 0,
          "block": {
            "attributes": {
              "auto_export_enabled": {
                "type": "bool",
                "description_kind": "plain",
                "optional": true
              },
              "cluster_id": {
                "type": "string",
                "description_kind": "plain",
                "computed": true
              },
              "cluster_name": {
                "type": "string",
                "description_kind": "plain",
                "required": true
              },
              "id": {
                "type": "string",
                "description_kind": "plain",
                "optional": true,
                "computed": true
              },
              "id_policy": {
                "type": "string",
                "description_kind": "plain",
                "computed": true
              },
              "next_snapshot": {
                "type": "string",
                "description_kind": "plain",
                "computed": true
              },
              "project_id": {
                "type": "string",
                "description_kind": "plain",
                "required": true
              },
              "reference_hour_of_day": {
                "type": "number",
                "description_kind": "plain",
                "optional": true,
                "computed": true
              },
              "reference_minute_of_hour": {
                "type": "number",
                "description_kind": "plain",
                "optional": true,
                "computed": true
              },
              "restore_window_days": {
                "type": "number",
                "description_kind": "plain",
                "optional": true,
                "computed": true
              },
              "update_snapshots": {
                "type": "bool",
                "description_kind": "plain",
                "optional": true,
                "computed": true
              },
              "use_org_and_group_names_in_export_prefix": {
                "type": "bool",
                "description_kind": "plain",
                "optional": true,
                "computed": true
              }
            },
            "block_types": {
              "copy_settings": {
                "nesting_mode": "list",
                "block": {
                  "attributes": {
                    "cloud_provider": {
                      "type": "string",
                      "description_kind": "plain",
                      "optional": true,
                      "computed": true
                    },
                    "frequencies": {
                      "type": [
                        "set",
                        "string"
                      ],
                      "description_kind": "plain",
                      "optional": true,
                      "computed": true
                    },
                    "region_name": {
                      "type": "string",
                      "description_kind": "plain",
                      "optional": true,
                      "computed": true
                    },
                    "should_copy_oplogs": {
                      "type": "bool",
                      "description_kind": "plain",
                      "optional": true,
                      "computed": true
                    },
                    "zone_id": {
                      "type": "string",
                      "description_kind": "plain",
                      "optional": true,
                      "computed": true
                    }
                  },
                  "description_kind": "plain"
                }
              },
              "export": {
                "nesting_mode": "list",
                "block": {
                  "attributes": {
                    "export_bucket_id": {
                      "type": "string",
                      "description_kind": "plain",
                      "optional": true,
                      "computed": true
                    },
                    "frequency_type": {
                      "type": "string",
                      "description_kind": "plain",
                      "optional": true,
                      "computed": true
                    }
                  },
                  "description_kind": "plain"
                },
                "max_items": 1
              },
              "policy_item_daily": {
                "nesting_mode": "list",
                "block": {
                  "attributes": {
                    "frequency_interval": {
                      "type": "number",
                      "description_kind": "plain",
                      "required": true
                    },
                    "frequency_type": {
                      "type": "string",
                      "description_kind": "plain",
                      "computed": true
                    },
                    "id": {
                      "type": "string",
                      "description_kind": "plain",
                      "computed": true
                    },
                    "retention_unit": {
                      "type": "string",
                      "description_kind": "plain",
                      "required": true
                    },
                    "retention_value": {
                      "type": "number",
                      "description_kind": "plain",
                      "required": true
                    }
                  },
                  "description_kind": "plain"
                },
                "max_items": 1
              },
              "policy_item_hourly": {
                "nesting_mode": "list",
                "block": {
                  "attributes": {
                    "frequency_interval": {
                      "type": "number",
                      "description_kind": "plain",
                      "required": true
                    },
                    "frequency_type": {
                      "type": "string",
                      "description_kind": "plain",
                      "computed": true
                    },
                    "id": {
                      "type": "string",
                      "description_kind": "plain",
                      "computed": true
                    },
                    "retention_unit": {
                      "type": "string",
                      "description_kind": "plain",
                      "required": true
                    },
                    "retention_value": {
                      "type": "number",
                      "description_kind": "plain",
                      "required": true
                    }
                  },
                  "description_kind": "plain"
                },
                "max_items": 1
              },
              "policy_item_monthly": {
                "nesting_mode": "list",
                "block": {
                  "attributes": {
                    "frequency_interval": {
                      "type": "number",
                      "description_kind": "plain",
                      "required": true
                    },
                    "frequency_type": {
                      "type": "string",
                      "description_kind": "plain",
                      "computed": true
                    },
                    "id": {
                      "type": "string",
                      "description_kind": "plain",
                      "computed": true
                    },
                    "retention_unit": {
                      "type": "string",
                      "description_kind": "plain",
                      "required": true
                    },
                    "retention_value": {
                      "type": "number",
                      "description_kind": "plain",
                      "required": true
                    }
                  },
                  "description_kind": "plain"
                }
              },
              "policy_item_weekly": {
                "nesting_mode": "list",
                "block": {
                  "attributes": {
                    "frequency_interval": {
                      "type": "number",
                      "description_kind": "plain",
                      "required": true
                    },
                    "frequency_type": {
                      "type": "string",
                      "description_kind": "plain",
                      "computed": true
                    },
                    "id": {
                      "type": "string",
                      "description_kind": "plain",
                      "computed": true
                    },
                    "retention_unit": {
                      "type": "string",
                      "description_kind": "plain",
                      "required": true
                    },
                    "retention_value": {
                      "type": "number",
                      "description_kind": "plain",
                      "required": true
                    }
                  },
                  "description_kind": "plain"
                }
              },
              "policy_item_yearly": {
                "nesting_mode": "list",
                "block": {
                  "attributes": {
                    "frequency_interval": {
                      "type": "number",
                      "description_kind": "plain",
                      "required": true
                    },
                    "frequency_type": {
                      "type": "string",
                      "description_kind": "plain",
                      "computed": true
                    },
                    "id": {
                      "type": "string",
                      "description_kind": "plain",
                      "computed": true
                    },
                    "retention_unit": {
                      "type": "string",
                      "description_kind": "plain",
                      "required": true
                    },
                    "retention_value": {
                      "type": "number",
                      "description_kind": "plain",
                      "required": true
                    }
                  },
                  "description_kind": "plain"
                }
              }
            },
            "description_kind": "plain"
          }
        },
        "mongodbatlas_advanced_cluster": {
          "version": 2,
          "block": {
            "attributes": {
              "accept_data_risks_and_force_replica_set_reconfig": {
                "type": "string",
                "description": "If reconfiguration is necessary to regain a primary due to a regional outage, submit this field alongside your topology reconfiguration to request a new regional outage resistant topology. Forced reconfigurations during an outage of the majority of electable nodes carry a risk of data loss if replicated writes (even majority committed writes) have not been replicated to the new primary node. MongoDB Atlas docs contain more information. To proceed with an operation which carries that risk, set **acceptDataRisksAndForceReplicaSetReconfig** to the current date.",
                "description_kind": "markdown",
                "optional": true
              },
              "advanced_configuration": {
                "nested_type": {
                  "attributes": {
                    "change_stream_options_pre_and_post_images_expire_after_seconds": {
                      "type": "number",
                      "description": "The minimum pre- and post-image retention time in seconds.",
                      "description_kind": "markdown",
                      "optional": true,
                      "computed": true
                    },
                    "custom_openssl_cipher_config_tls12": {
                      "type": [
                        "set",
                        "string"
                      ],
                      "description": "The custom OpenSSL cipher suite list for TLS 1.2. This field is only valid when `tls_cipher_config_mode` is set to `CUSTOM`.",
                      "description_kind": "markdown",
                      "optional": true,
                      "computed": true
                    },
                    "custom_openssl_cipher_config_tls13": {
                      "type": [
                        "set",
                        "string"
                      ],
                      "description": "The custom OpenSSL cipher suite list for TLS 1.3. This field is only valid when `tls_cipher_config_mode` is set to `CUSTOM`.",
                      "description_kind": "markdown",
                      "optional": true,
                      "computed": true
                    },
                    "default_max_time_ms": {
                      "type": "number",
                      "description": "Default time limit in milliseconds for individual read operations to complete. This parameter is supported only for MongoDB version 8.0 and above.",
                      "description_kind": "markdown",
                      "optional": true,
                      "computed": true
                    },
                    "default_write_concern": {
                      "type": "string",
                      "description": "Default level of acknowledgment requested from MongoDB for write operations when none is specified by the driver.",
                      "description_kind": "markdown",
                      "optional": true,
                      "computed": true
                    },
                    "javascript_enabled": {
                      "type": "bool",
                      "description": "Flag that indicates whether the cluster allows execution of operations that perform server-side executions of JavaScript. When using 8.0+, we recommend disabling server-side JavaScript and using operators of aggregation pipeline as more performant alternative.",
                      "description_kind": "markdown",
                      "optional": true,
                      "computed": true
                    },
                    "minimum_enabled_tls_protocol": {
                      "type": "string",
                      "description": "Minimum Transport Layer Security (TLS) version that the cluster accepts for incoming connections. Clusters using TLS 1.0 or 1.1 should consider setting TLS 1.2 as the minimum TLS protocol version.",
                      "description_kind": "markdown",
                      "optional": true,
                      "computed": true
                    },
                    "no_table_scan": {
                      "type": "bool",
                      "description": "Flag that indicates whether the cluster disables executing any query that requires a collection scan to return results.",
                      "description_kind": "markdown",
                      "optional": true,
                      "computed": true
                    },
                    "oplog_min_retention_hours": {
                      "type": "number",
                      "description": "Minimum retention window for cluster's oplog expressed in hours. A value of null indicates that the cluster uses the default minimum oplog window that MongoDB Cloud calculates.",
                      "description_kind": "markdown",
                      "optional": true,
                      "computed": true
                    },
                    "oplog_size_mb": {
                      "type": "number",
                      "description": "Storage limit of cluster's oplog expressed in megabytes. A value of null indicates that the cluster uses the default oplog size that MongoDB Cloud calculates.",
                      "description_kind": "markdown",
                      "optional": true,
                      "computed": true
                    },
                    "sample_refresh_interval_bi_connector": {
                      "type": "number",
                      "description": "Interval in seconds at which the mongosqld process re-samples data to create its relational schema.",
                      "description_kind": "markdown",
                      "optional": true,
                      "computed": true
                    },
                    "sample_size_bi_connector": {
                      "type": "number",
                      "description": "Number of documents per database to sample when gathering schema information.",
                      "description_kind": "markdown",
                      "optional": true,
                      "computed": true
                    },
                    "tls_cipher_config_mode": {
                      "type": "string",
                      "description": "The TLS cipher suite configuration mode. Valid values include `CUSTOM` or `DEFAULT`. The `DEFAULT` mode uses the default cipher suites. The `CUSTOM` mode allows you to specify custom cipher suites for both TLS 1.2 and TLS 1.3. To unset, this should be set back to `DEFAULT`.",
                      "description_kind": "markdown",
                      "optional": true,
                      "computed": true
                    },
                    "transaction_lifetime_limit_seconds": {
                      "type": "number",
                      "description": "Lifetime, in seconds, of multi-document transactions. Atlas considers the transactions that exceed this limit as expired and so aborts them through a periodic cleanup process.",
                      "description_kind": "markdown",
                      "optional": true,
                      "computed": true
                    }
                  },
                  "nesting_mode": "single"
                },
                "description": "Additional settings for an Atlas cluster.",
                "description_kind": "markdown",
                "optional": true,
                "computed": true
              },
              "backup_enabled": {
                "type": "bool",
                "description": "Flag that indicates whether the cluster can perform backups. If set to `true`, the cluster can perform backups. You must set this value to `true` for NVMe clusters. Backup uses [Cloud Backups](https://docs.atlas.mongodb.com/backup/cloud-backup/overview/) for dedicated clusters and [Shared Cluster Backups](https://docs.atlas.mongodb.com/backup/shared-tier/overview/) for tenant clusters. If set to `false`, the cluster doesn't use backups.",
                "description_kind": "markdown",
                "optional": true,
                "computed": true
              },
              "bi_connector_config": {
                "nested_type": {
                  "attributes": {
                    "enabled": {
                      "type": "bool",
                      "description": "Flag that indicates whether MongoDB Connector for Business Intelligence is enabled on the specified cluster.",
                      "description_kind": "markdown",
                      "optional": true,
                      "computed": true
                    },
                    "read_preference": {
                      "type": "string",
                      "description": "Data source node designated for the MongoDB Connector for Business Intelligence on MongoDB Cloud. The MongoDB Connector for Business Intelligence on MongoDB Cloud reads data from the primary, secondary, or analytics node based on your read preferences. Defaults to `ANALYTICS` node, or `SECONDARY` if there are no `ANALYTICS` nodes.",
                      "description_kind": "markdown",
                      "optional": true,
                      "computed": true
                    }
                  },
                  "nesting_mode": "single"
                },
                "description": "Settings needed to configure the MongoDB Connector for Business Intelligence for this cluster.",
                "description_kind": "markdown",
                "optional": true,
                "computed": true
              },
              "cluster_id": {
                "type": "string",
                "description": "Unique 24-hexadecimal digit string that identifies the cluster.",
                "description_kind": "markdown",
                "computed": true
              },
              "cluster_type": {
                "type": "string",
                "description": "Configuration of nodes that comprise the cluster.",
                "description_kind": "markdown",
                "required": true
              },
              "config_server_management_mode": {
                "type": "string",
                "description": "Config Server Management Mode for creating or updating a sharded cluster.\n\nWhen configured as ATLAS_MANAGED, atlas may automatically switch the cluster's config server type for optimal performance and savings.\n\nWhen configured as FIXED_TO_DEDICATED, the cluster will always use a dedicated config server.",
                "description_kind": "markdown",
                "optional": true,
                "computed": true
              },
              "config_server_type": {
                "type": "string",
                "description": "Describes a sharded cluster's config server type.",
                "description_kind": "markdown",
                "computed": true
              },
              "connection_strings": {
                "nested_type": {
                  "attributes": {
                    "private": {
                      "type": "string",
                      "description": "Network peering connection strings for each interface Virtual Private Cloud (VPC) endpoint that you configured to connect to this cluster. This connection string uses the `mongodb+srv://` protocol. The resource returns this parameter once someone creates a network peering connection to this cluster. This protocol tells the application to look up the host seed list in the Domain Name System (DNS). This list synchronizes with the nodes in a cluster. If the connection string uses this Uniform Resource Identifier (URI) format, you don't need to append the seed list or change the URI if the nodes change. Use this URI format if your driver supports it. If it doesn't, use connectionStrings.private. For Amazon Web Services (AWS) clusters, this resource returns this parameter only if you enable custom DNS.",
                      "description_kind": "markdown",
                      "computed": true
                    },
                    "private_endpoint": {
                      "nested_type": {
                        "attributes": {
                          "connection_string": {
                            "type": "string",
                            "description": "Private endpoint-aware connection string that uses the `mongodb://` protocol to connect to MongoDB Cloud through a private endpoint.",
                            "description_kind": "markdown",
                            "computed": true
                          },
                          "endpoints": {
                            "nested_type": {
                              "attributes": {
                                "endpoint_id": {
                                  "type": "string",
                                  "description": "Unique string that the cloud provider uses to identify the private endpoint.",
                                  "description_kind": "markdown",
                                  "computed": true
                                },
                                "provider_name": {
                                  "type": "string",
                                  "description": "Cloud provider in which MongoDB Cloud deploys the private endpoint.",
                                  "description_kind": "markdown",
                                  "computed": true
                                },
                                "region": {
                                  "type": "string",
                                  "description": "Region where the private endpoint is deployed.",
                                  "description_kind": "markdown",
                                  "computed": true
                                }
                              },
                              "nesting_mode": "list"
                            },
                            "description": "List that contains the private endpoints through which you connect to MongoDB Cloud when you use **connectionStrings.privateEndpoint[n].connectionString** or **connectionStrings.privateEndpoint[n].srvConnectionString**.",
                            "description_kind": "markdown",
                            "computed": true
                          },
                          "srv_connection_string": {
                            "type": "string",
                            "description": "Private endpoint-aware connection string that uses the `mongodb+srv://` protocol to connect to MongoDB Cloud through a private endpoint. The `mongodb+srv` protocol tells the driver to look up the seed list of hosts in the Domain Name System (DNS). This list synchronizes with the nodes in a cluster. If the connection string uses this Uniform Resource Identifier (URI) format, you don't need to append the seed list or change the Uniform Resource Identifier (URI) if the nodes change. Use this Uniform Resource Identifier (URI) format if your application supports it. If it doesn't, use connectionStrings.privateEndpoint[n].connectionString.",
                            "description_kind": "markdown",
                            "computed": true
                          },
                          "srv_shard_optimized_connection_string": {
                            "type": "string",
                            "description": "Private endpoint-aware connection string optimized for sharded clusters that uses the `mongodb+srv://` protocol to connect to MongoDB Cloud through a private endpoint. If the connection string uses this Uniform Resource Identifier (URI) format, you don't need to change the Uniform Resource Identifier (URI) if the nodes change. Use this Uniform Resource Identifier (URI) format if your application and Atlas cluster supports it. If it doesn't, use and consult the documentation for connectionStrings.privateEndpoint[n].srvConnectionString.",
                            "description_kind": "markdown",
                            "computed": true
                          },
                          "type": {
                            "type": "string",
                            "description": "MongoDB process type to which your application connects. Use `MONGOD` for replica sets and `MONGOS` for sharded clusters.",
                            "description_kind": "markdown",
                            "computed": true
                          }
                        },
                        "nesting_mode": "list"
                      },
                      "description": "List of private endpoint-aware connection strings that you can use to connect to this cluster through a private endpoint. This parameter returns only if you deployed a private endpoint to all regions to which you deployed this clusters' nodes.",
                      "description_kind": "markdown",
                      "computed": true
                    },
                    "private_srv": {
                      "type": "string",
                      "description": "Network peering connection strings for each interface Virtual Private Cloud (VPC) endpoint that you configured to connect to this cluster. This connection string uses the `mongodb+srv://` protocol. The resource returns this parameter when someone creates a network peering connection to this cluster. This protocol tells the application to look up the host seed list in the Domain Name System (DNS). This list synchronizes with the nodes in a cluster. If the connection string uses this Uniform Resource Identifier (URI) format, you don't need to append the seed list or change the Uniform Resource Identifier (URI) if the nodes change. Use this Uniform Resource Identifier (URI) format if your driver supports it. If it doesn't, use `connectionStrings.private`. For Amazon Web Services (AWS) clusters, this parameter returns only if you [enable custom DNS](https://docs.atlas.mongodb.com/reference/api/aws-custom-dns-update/).",
                      "description_kind": "markdown",
                      "computed": true
                    },
                    "standard": {
                      "type": "string",
                      "description": "Public connection string that you can use to connect to this cluster. This connection string uses the `mongodb://` protocol.",
                      "description_kind": "markdown",
                      "computed": true
                    },
                    "standard_srv": {
                      "type": "string",
                      "description": "Public connection string that you can use to connect to this cluster. This connection string uses the `mongodb+srv://` protocol.",
                      "description_kind": "markdown",
                      "computed": true
                    }
                  },
                  "nesting_mode": "single"
                },
                "description": "Collection of Uniform Resource Locators that point to the MongoDB database.",
                "description_kind": "markdown",
                "computed": true
              },
              "create_date": {
                "type": "string",
                "description": "Date and time when MongoDB Cloud created this cluster. This parameter expresses its value in ISO 8601 format in UTC.",
                "description_kind": "markdown",
                "computed": true
              },
              "delete_on_create_timeout": {
                "type": "bool",
                "description": "Indicates whether to delete the resource being created if a timeout is reached when waiting for completion. When set to `true` and timeout occurs, it triggers the deletion and returns immediately without waiting for deletion to complete. When set to `false`, the timeout will not trigger resource deletion. If you suspect a transient error when the value is `true`, wait before retrying to allow resource deletion to finish. Default is `true`.",
                "description_kind": "markdown",
                "optional": true,
                "computed": true
              },
              "encryption_at_rest_provider": {
                "type": "string",
                "description": "Cloud service provider that manages your customer keys to provide an additional layer of encryption at rest for the cluster. To enable customer key management for encryption at rest, the cluster **replicationSpecs[n].regionConfigs[m].{type}Specs.instanceSize** setting must be `M10` or higher and `\"backupEnabled\" : false` or omitted entirely.",
                "description_kind": "markdown",
                "optional": true,
                "computed": true
              },
              "global_cluster_self_managed_sharding": {
                "type": "bool",
                "description": "Set this field to configure the Sharding Management Mode when creating a new Global Cluster.\n\nWhen set to false, the management mode is set to Atlas-Managed Sharding. This mode fully manages the sharding of your Global Cluster and is built to provide a seamless deployment experience.\n\nWhen set to true, the management mode is set to Self-Managed Sharding. This mode leaves the management of shards in your hands and is built to provide an advanced and flexible deployment experience.\n\nThis setting cannot be changed once the cluster is deployed.",
                "description_kind": "markdown",
                "optional": true,
                "computed": true
              },
              "labels": {
                "type": [
                  "map",
                  "string"
                ],
                "description": "Map of key-value pairs between 1 to 255 characters in length that tag and categorize the cluster. The MongoDB Cloud console doesn't display your labels.\n\nCluster labels are deprecated and will be removed in a future release. We strongly recommend that you use [resource tags](https://dochub.mongodb.org/core/add-cluster-tag-atlas) instead.",
                "description_kind": "markdown",
                "optional": true
              },
              "mongo_db_major_version": {
                "type": "string",
                "description": "MongoDB major version of the cluster.\n\nOn creation: Choose from the available versions of MongoDB, or leave unspecified for the current recommended default in the MongoDB Cloud platform. The recommended version is a recent Long Term Support version. The default is not guaranteed to be the most recently released version throughout the entire release cycle. For versions available in a specific project, see the linked documentation or use the API endpoint for [project LTS versions endpoint](#tag/Projects/operation/getProjectLTSVersions).\n\n On update: Increase version only by 1 major version at a time. If the cluster is pinned to a MongoDB feature compatibility version exactly one major version below the current MongoDB version, the MongoDB version can be downgraded to the previous major version.",
                "description_kind": "markdown",
                "optional": true,
                "computed": true
              },
              "mongo_db_version": {
                "type": "string",
                "description": "Version of MongoDB that the cluster runs.",
                "description_kind": "markdown",
                "computed": true
              },
              "name": {
                "type": "string",
                "description": "Human-readable label that identifies this cluster.",
                "description_kind": "markdown",
                "required": true
              },
              "paused": {
                "type": "bool",
                "description": "Flag that indicates whether the cluster is paused.",
                "description_kind": "markdown",
                "optional": true,
                "computed": true
              },
              "pinned_fcv": {
                "nested_type": {
                  "attributes": {
                    "expiration_date": {
                      "type": "string",
                      "description": "Expiration date of the fixed FCV. This value is in the ISO 8601 timestamp format (e.g. 2024-12-04T16:25:00Z). Note that this field cannot exceed 4 weeks from the pinned date.",
                      "description_kind": "markdown",
                      "required": true
                    },
                    "version": {
                      "type": "string",
                      "description": "Feature compatibility version of the cluster.",
                      "description_kind": "markdown",
                      "computed": true
                    }
                  },
                  "nesting_mode": "single"
                },
                "description": "Pins the Feature Compatibility Version (FCV) to the current MongoDB version with a provided expiration date. To unpin the FCV the `pinned_fcv` attribute must be removed. This operation can take several minutes as the request processes through the MongoDB data plane. Once FCV is unpinned it will not be possible to downgrade the `mongo_db_major_version`. It is advised that updates to `pinned_fcv` are done isolated from other cluster changes. If a plan contains multiple changes, the FCV change will be applied first. If FCV is unpinned past the expiration date the `pinned_fcv` attribute must be removed. The following [knowledge hub article](https://kb.corp.mongodb.com/article/000021785/) and [FCV documentation](https://www.mongodb.com/docs/atlas/tutorial/major-version-change/#manage-feature-compatibility--fcv--during-upgrades) can be referenced for more details.",
                "description_kind": "markdown",
                "optional": true
              },
              "pit_enabled": {
                "type": "bool",
                "description": "Flag that indicates whether the cluster uses continuous cloud backups.",
                "description_kind": "markdown",
                "optional": true,
                "computed": true
              },
              "project_id": {
                "type": "string",
                "description": "Unique 24-hexadecimal digit string that identifies your project. Use the [/groups](#tag/Projects/operation/listProjects) endpoint to retrieve all projects to which the authenticated user has access.\n\n**NOTE**: Groups and projects are synonymous terms. Your group id is the same as your project id. For existing groups, your group/project id remains the same. The resource and corresponding endpoints use the term groups.",
                "description_kind": "markdown",
                "required": true
              },
              "redact_client_log_data": {
                "type": "bool",
                "description": "Enable or disable log redaction.\n\nThis setting configures the ``mongod`` or ``mongos`` to redact any document field contents from a message accompanying a given log event before logging. This prevents the program from writing potentially sensitive data stored on the database to the diagnostic log. Metadata such as error or operation codes, line numbers, and source file names are still visible in the logs.\n\nUse ``redactClientLogData`` in conjunction with Encryption at Rest and TLS/SSL (Transport Encryption) to assist compliance with regulatory requirements.\n\n*Note*: changing this setting on a cluster will trigger a rolling restart as soon as the cluster is updated.",
                "description_kind": "markdown",
                "optional": true,
                "computed": true
              },
              "replica_set_scaling_strategy": {
                "type": "string",
                "description": "Set this field to configure the replica set scaling mode for your cluster.\n\nBy default, Atlas scales under WORKLOAD_TYPE. This mode allows Atlas to scale your analytics nodes in parallel to your operational nodes.\n\nWhen configured as SEQUENTIAL, Atlas scales all nodes sequentially. This mode is intended for steady-state workloads and applications performing latency-sensitive secondary reads.\n\nWhen configured as NODE_TYPE, Atlas scales your electable nodes in parallel with your read-only and analytics nodes. This mode is intended for large, dynamic workloads requiring frequent and timely cluster tier scaling. This is the fastest scaling strategy, but it might impact latency of workloads when performing extensive secondary reads.",
                "description_kind": "markdown",
                "optional": true,
                "computed": true
              },
              "replication_specs": {
                "nested_type": {
                  "attributes": {
                    "container_id": {
                      "type": [
                        "map",
                        "string"
                      ],
                      "description": "A key-value map of the Network Peering Container ID(s) for the configuration specified in region_configs. The Container ID is the id of the container created when the first cluster in the region (AWS/Azure) or project (GCP) was created.",
                      "description_kind": "markdown",
                      "computed": true
                    },
                    "external_id": {
                      "type": "string",
                      "description": "Unique 24-hexadecimal digit string that identifies the replication object for a shard in a Cluster. This value corresponds to Shard ID displayed in the UI.",
                      "description_kind": "markdown",
                      "computed": true
                    },
                    "region_configs": {
                      "nested_type": {
                        "attributes": {
                          "analytics_auto_scaling": {
                            "nested_type": {
                              "attributes": {
                                "compute_enabled": {
                                  "type": "bool",
                                  "description": "Flag that indicates whether someone enabled instance size auto-scaling.\n\n- Set to `true` to enable instance size auto-scaling. If enabled, you must specify a value for **replicationSpecs[n].regionConfigs[m].autoScaling.compute.maxInstanceSize**.\n- Set to `false` to disable instance size automatic scaling.",
                                  "description_kind": "markdown",
                                  "optional": true,
                                  "computed": true
                                },
                                "compute_max_instance_size": {
                                  "type": "string",
                                  "description": "Minimum instance size to which your cluster can automatically scale. MongoDB Cloud requires this parameter if `\"replicationSpecs[n].regionConfigs[m].autoScaling.compute.scaleDownEnabled\" : true`.",
                                  "description_kind": "markdown",
                                  "optional": true,
                                  "computed": true
                                },
                                "compute_min_instance_size": {
                                  "type": "string",
                                  "description": "Minimum instance size to which your cluster can automatically scale. MongoDB Cloud requires this parameter if `\"replicationSpecs[n].regionConfigs[m].autoScaling.compute.scaleDownEnabled\" : true`.",
                                  "description_kind": "markdown",
                                  "optional": true,
                                  "computed": true
                                },
                                "compute_scale_down_enabled": {
                                  "type": "bool",
                                  "description": "Flag that indicates whether the instance size may scale down. MongoDB Cloud requires this parameter if `\"replicationSpecs[n].regionConfigs[m].autoScaling.compute.enabled\" : true`. If you enable this option, specify a value for **replicationSpecs[n].regionConfigs[m].autoScaling.compute.minInstanceSize**.",
                                  "description_kind": "markdown",
                                  "optional": true,
                                  "computed": true
                                },
                                "disk_gb_enabled": {
                                  "type": "bool",
                                  "description": "Flag that indicates whether this cluster enables disk auto-scaling. The maximum memory allowed for the selected cluster tier and the oplog size can limit storage auto-scaling.",
                                  "description_kind": "markdown",
                                  "optional": true,
                                  "computed": true
                                }
                              },
                              "nesting_mode": "single"
                            },
                            "description": "Options that determine how this cluster handles resource scaling.",
                            "description_kind": "markdown",
                            "optional": true,
                            "computed": true
                          },
                          "analytics_specs": {
                            "nested_type": {
                              "attributes": {
                                "disk_iops": {
                                  "type": "number",
                                  "description": "Target throughput desired for storage attached to your Azure-provisioned cluster. Change this parameter if you:\n\n- set `\"replicationSpecs[n].regionConfigs[m].providerName\" : \"Azure\"`.\n- set `\"replicationSpecs[n].regionConfigs[m].electableSpecs.instanceSize\" : \"M40\"` or greater not including `Mxx_NVME` tiers.\n\nThe maximum input/output operations per second (IOPS) depend on the selected **.instanceSize** and **.diskSizeGB**.\nThis parameter defaults to the cluster tier's standard IOPS value.\nChanging this value impacts cluster cost.",
                                  "description_kind": "markdown",
                                  "optional": true,
                                  "computed": true
                                },
                                "disk_size_gb": {
                                  "type": "number",
                                  "description": "Storage capacity of instance data volumes expressed in gigabytes. Increase this number to add capacity.\n\n This value must be equal for all shards and node types.\n\n This value is not configurable on M0/M2/M5 clusters.\n\n MongoDB Cloud requires this parameter if you set **replicationSpecs**.\n\n If you specify a disk size below the minimum (10 GB), this parameter defaults to the minimum disk size value. \n\n Storage charge calculations depend on whether you choose the default value or a custom value.\n\n The maximum value for disk storage cannot exceed 50 times the maximum RAM for the selected cluster. If you require more storage space, consider upgrading your cluster to a higher tier.",
                                  "description_kind": "markdown",
                                  "optional": true,
                                  "computed": true
                                },
                                "ebs_volume_type": {
                                  "type": "string",
                                  "description": "Type of storage you want to attach to your AWS-provisioned cluster.\n\n- `STANDARD` volume types can't exceed the default input/output operations per second (IOPS) rate for the selected volume size. \n\n- `PROVISIONED` volume types must fall within the allowable IOPS range for the selected volume size. You must set this value to (`PROVISIONED`) for NVMe clusters.",
                                  "description_kind": "markdown",
                                  "optional": true,
                                  "computed": true
                                },
                                "instance_size": {
                                  "type": "string",
                                  "description": "Hardware specification for the instance sizes in this region in this shard. Each instance size has a default storage and memory capacity. Electable nodes and read-only nodes (known as \"base nodes\") within a single shard must use the same instance size. Analytics nodes can scale independently from base nodes within a shard. Both base nodes and analytics nodes can scale independently from their equivalents in other shards.",
                                  "description_kind": "markdown",
                                  "optional": true,
                                  "computed": true
                                },
                                "node_count": {
                                  "type": "number",
                                  "description": "Number of nodes of the given type for MongoDB Cloud to deploy to the region.",
                                  "description_kind": "markdown",
                                  "optional": true,
                                  "computed": true
                                }
                              },
                              "nesting_mode": "single"
                            },
                            "description": "Hardware specifications for nodes deployed in the region.",
                            "description_kind": "markdown",
                            "optional": true,
                            "computed": true
                          },
                          "auto_scaling": {
                            "nested_type": {
                              "attributes": {
                                "compute_enabled": {
                                  "type": "bool",
                                  "description": "Flag that indicates whether someone enabled instance size auto-scaling.\n\n- Set to `true` to enable instance size auto-scaling. If enabled, you must specify a value for **replicationSpecs[n].regionConfigs[m].autoScaling.compute.maxInstanceSize**.\n- Set to `false` to disable instance size automatic scaling.",
                                  "description_kind": "markdown",
                                  "optional": true,
                                  "computed": true
                                },
                                "compute_max_instance_size": {
                                  "type": "string",
                                  "description": "Minimum instance size to which your cluster can automatically scale. MongoDB Cloud requires this parameter if `\"replicationSpecs[n].regionConfigs[m].autoScaling.compute.scaleDownEnabled\" : true`.",
                                  "description_kind": "markdown",
                                  "optional": true,
                                  "computed": true
                                },
                                "compute_min_instance_size": {
                                  "type": "string",
                                  "description": "Minimum instance size to which your cluster can automatically scale. MongoDB Cloud requires this parameter if `\"replicationSpecs[n].regionConfigs[m].autoScaling.compute.scaleDownEnabled\" : true`.",
                                  "description_kind": "markdown",
                                  "optional": true,
                                  "computed": true
                                },
                                "compute_scale_down_enabled": {
                                  "type": "bool",
                                  "description": "Flag that indicates whether the instance size may scale down. MongoDB Cloud requires this parameter if `\"replicationSpecs[n].regionConfigs[m].autoScaling.compute.enabled\" : true`. If you enable this option, specify a value for **replicationSpecs[n].regionConfigs[m].autoScaling.compute.minInstanceSize**.",
                                  "description_kind": "markdown",
                                  "optional": true,
                                  "computed": true
                                },
                                "disk_gb_enabled": {
                                  "type": "bool",
                                  "description": "Flag that indicates whether this cluster enables disk auto-scaling. The maximum memory allowed for the selected cluster tier and the oplog size can limit storage auto-scaling.",
                                  "description_kind": "markdown",
                                  "optional": true,
                                  "computed": true
                                }
                              },
                              "nesting_mode": "single"
                            },
                            "description": "Options that determine how this cluster handles resource scaling.",
                            "description_kind": "markdown",
                            "optional": true,
                            "computed": true
                          },
                          "backing_provider_name": {
                            "type": "string",
                            "description": "Cloud service provider on which MongoDB Cloud provisioned the multi-tenant cluster. The resource returns this parameter when **providerName** is `TENANT` and **electableSpecs.instanceSize** is `M0`.",
                            "description_kind": "markdown",
                            "optional": true
                          },
                          "electable_specs": {
                            "nested_type": {
                              "attributes": {
                                "disk_iops": {
                                  "type": "number",
                                  "description": "Target throughput desired for storage attached to your Azure-provisioned cluster. Change this parameter if you:\n\n- set `\"replicationSpecs[n].regionConfigs[m].providerName\" : \"Azure\"`.\n- set `\"replicationSpecs[n].regionConfigs[m].electableSpecs.instanceSize\" : \"M40\"` or greater not including `Mxx_NVME` tiers.\n\nThe maximum input/output operations per second (IOPS) depend on the selected **.instanceSize** and **.diskSizeGB**.\nThis parameter defaults to the cluster tier's standard IOPS value.\nChanging this value impacts cluster cost.",
                                  "description_kind": "markdown",
                                  "optional": true,
                                  "computed": true
                                },
                                "disk_size_gb": {
                                  "type": "number",
                                  "description": "Storage capacity of instance data volumes expressed in gigabytes. Increase this number to add capacity.\n\n This value must be equal for all shards and node types.\n\n This value is not configurable on M0/M2/M5 clusters.\n\n MongoDB Cloud requires this parameter if you set **replicationSpecs**.\n\n If you specify a disk size below the minimum (10 GB), this parameter defaults to the minimum disk size value. \n\n Storage charge calculations depend on whether you choose the default value or a custom value.\n\n The maximum value for disk storage cannot exceed 50 times the maximum RAM for the selected cluster. If you require more storage space, consider upgrading your cluster to a higher tier.",
                                  "description_kind": "markdown",
                                  "optional": true,
                                  "computed": true
                                },
                                "ebs_volume_type": {
                                  "type": "string",
                                  "description": "Type of storage you want to attach to your AWS-provisioned cluster.\n\n- `STANDARD` volume types can't exceed the default input/output operations per second (IOPS) rate for the selected volume size. \n\n- `PROVISIONED` volume types must fall within the allowable IOPS range for the selected volume size. You must set this value to (`PROVISIONED`) for NVMe clusters.",
                                  "description_kind": "markdown",
                                  "optional": true,
                                  "computed": true
                                },
                                "instance_size": {
                                  "type": "string",
                                  "description": "Hardware specification for the instance sizes in this region in this shard. Each instance size has a default storage and memory capacity. Electable nodes and read-only nodes (known as \"base nodes\") within a single shard must use the same instance size. Analytics nodes can scale independently from base nodes within a shard. Both base nodes and analytics nodes can scale independently from their equivalents in other shards.",
                                  "description_kind": "markdown",
                                  "optional": true,
                                  "computed": true
                                },
                                "node_count": {
                                  "type": "number",
                                  "description": "Number of nodes of the given type for MongoDB Cloud to deploy to the region.",
                                  "description_kind": "markdown",
                                  "optional": true,
                                  "computed": true
                                }
                              },
                              "nesting_mode": "single"
                            },
                            "description": "Hardware specifications for nodes deployed in the region.",
                            "description_kind": "markdown",
                            "optional": true,
                            "computed": true
                          },
                          "priority": {
                            "type": "number",
                            "description": "Precedence is given to this region when a primary election occurs. If your **regionConfigs** has only **readOnlySpecs**, **analyticsSpecs**, or both, set this value to `0`. If you have multiple **regionConfigs** objects (your cluster is multi-region or multi-cloud), they must have priorities in descending order. The highest priority is `7`.\n\n**Example:** If you have three regions, their priorities would be `7`, `6`, and `5` respectively. If you added two more regions for supporting electable nodes, the priorities of those regions would be `4` and `3` respectively.",
                            "description_kind": "markdown",
                            "required": true
                          },
                          "provider_name": {
                            "type": "string",
                            "description": "Cloud service provider on which MongoDB Cloud provisions the hosts. Set dedicated clusters to `AWS`, `GCP`, `AZURE` or `TENANT`.",
                            "description_kind": "markdown",
                            "required": true
                          },
                          "read_only_specs": {
                            "nested_type": {
                              "attributes": {
                                "disk_iops": {
                                  "type": "number",
                                  "description": "Target throughput desired for storage attached to your Azure-provisioned cluster. Change this parameter if you:\n\n- set `\"replicationSpecs[n].regionConfigs[m].providerName\" : \"Azure\"`.\n- set `\"replicationSpecs[n].regionConfigs[m].electableSpecs.instanceSize\" : \"M40\"` or greater not including `Mxx_NVME` tiers.\n\nThe maximum input/output operations per second (IOPS) depend on the selected **.instanceSize** and **.diskSizeGB**.\nThis parameter defaults to the cluster tier's standard IOPS value.\nChanging this value impacts cluster cost.",
                                  "description_kind": "markdown",
                                  "optional": true,
                                  "computed": true
                                },
                                "disk_size_gb": {
                                  "type": "number",
                                  "description": "Storage capacity of instance data volumes expressed in gigabytes. Increase this number to add capacity.\n\n This value must be equal for all shards and node types.\n\n This value is not configurable on M0/M2/M5 clusters.\n\n MongoDB Cloud requires this parameter if you set **replicationSpecs**.\n\n If you specify a disk size below the minimum (10 GB), this parameter defaults to the minimum disk size value. \n\n Storage charge calculations depend on whether you choose the default value or a custom value.\n\n The maximum value for disk storage cannot exceed 50 times the maximum RAM for the selected cluster. If you require more storage space, consider upgrading your cluster to a higher tier.",
                                  "description_kind": "markdown",
                                  "optional": true,
                                  "computed": true
                                },
                                "ebs_volume_type": {
                                  "type": "string",
                                  "description": "Type of storage you want to attach to your AWS-provisioned cluster.\n\n- `STANDARD` volume types can't exceed the default input/output operations per second (IOPS) rate for the selected volume size. \n\n- `PROVISIONED` volume types must fall within the allowable IOPS range for the selected volume size. You must set this value to (`PROVISIONED`) for NVMe clusters.",
                                  "description_kind": "markdown",
                                  "optional": true,
                                  "computed": true
                                },
                                "instance_size": {
                                  "type": "string",
                                  "description": "Hardware specification for the instance sizes in this region in this shard. Each instance size has a default storage and memory capacity. Electable nodes and read-only nodes (known as \"base nodes\") within a single shard must use the same instance size. Analytics nodes can scale independently from base nodes within a shard. Both base nodes and analytics nodes can scale independently from their equivalents in other shards.",
                                  "description_kind": "markdown",
                                  "optional": true,
                                  "computed": true
                                },
                                "node_count": {
                                  "type": "number",
                                  "description": "Number of nodes of the given type for MongoDB Cloud to deploy to the region.",
                                  "description_kind": "markdown",
                                  "optional": true,
                                  "computed": true
                                }
                              },
                              "nesting_mode": "single"
                            },
                            "description": "Hardware specifications for nodes deployed in the region.",
                            "description_kind": "markdown",
                            "optional": true,
                            "computed": true
                          },
                          "region_name": {
                            "type": "string",
                            "description": "Physical location of your MongoDB cluster nodes. The region you choose can affect network latency for clients accessing your databases. The region name is only returned in the response for single-region clusters. When MongoDB Cloud deploys a dedicated cluster, it checks if a VPC or VPC connection exists for that provider and region. If not, MongoDB Cloud creates them as part of the deployment. It assigns the VPC a Classless Inter-Domain Routing (CIDR) block. To limit a new VPC peering connection to one Classless Inter-Domain Routing (CIDR) block and region, create the connection first. Deploy the cluster after the connection starts. GCP Clusters and Multi-region clusters require one VPC peering connection for each region. MongoDB nodes can use only the peering connection that resides in the same region as the nodes to communicate with the peered VPC.",
                            "description_kind": "markdown",
                            "required": true
                          }
                        },
                        "nesting_mode": "list"
                      },
                      "description": "Hardware specifications for nodes set for a given region. Each **regionConfigs** object describes the region's priority in elections and the number and type of MongoDB nodes that MongoDB Cloud deploys to the region. Each **regionConfigs** object must have either an **analyticsSpecs** object, **electableSpecs** object, or **readOnlySpecs** object. Tenant clusters only require **electableSpecs. Dedicated** clusters can specify any of these specifications, but must have at least one **electableSpecs** object within a **replicationSpec**.\n\n**Example:**\n\nIf you set `\"replicationSpecs[n].regionConfigs[m].analyticsSpecs.instanceSize\" : \"M30\"`, set `\"replicationSpecs[n].regionConfigs[m].electableSpecs.instanceSize\" : `\"M30\"` if you have electable nodes and `\"replicationSpecs[n].regionConfigs[m].readOnlySpecs.instanceSize\" : `\"M30\"` if you have read-only nodes.",
                      "description_kind": "markdown",
                      "required": true
                    },
                    "zone_id": {
                      "type": "string",
                      "description": "Unique 24-hexadecimal digit string that identifies the zone in a Global Cluster. This value can be used to configure Global Cluster backup policies.",
                      "description_kind": "markdown",
                      "computed": true
                    },
                    "zone_name": {
                      "type": "string",
                      "description": "Human-readable label that describes the zone this shard belongs to in a Global Cluster. Provide this value only if \"clusterType\" : \"GEOSHARDED\" but not \"selfManagedSharding\" : true.",
                      "description_kind": "markdown",
                      "optional": true,
                      "computed": true
                    }
                  },
                  "nesting_mode": "list"
                },
                "description": "List of settings that configure your cluster regions. This array has one object per shard representing node configurations in each shard. For replica sets there is only one object representing node configurations.",
                "description_kind": "markdown",
                "required": true
              },
              "retain_backups_enabled": {
                "type": "bool",
                "description": "Flag that indicates whether to retain backup snapshots for the deleted dedicated cluster.",
                "description_kind": "markdown",
                "optional": true
              },
              "root_cert_type": {
                "type": "string",
                "description": "Root Certificate Authority that MongoDB Cloud cluster uses. MongoDB Cloud supports Internet Security Research Group.",
                "description_kind": "markdown",
                "optional": true,
                "computed": true
              },
              "state_name": {
                "type": "string",
                "description": "Human-readable label that indicates the current operating condition of this cluster.",
                "description_kind": "markdown",
                "computed": true
              },
              "tags": {
                "type": [
                  "map",
                  "string"
                ],
                "description": "Map that contains key-value pairs between 1 to 255 characters in length for tagging and categorizing the cluster.",
                "description_kind": "markdown",
                "optional": true
              },
              "termination_protection_enabled": {
                "type": "bool",
                "description": "Flag that indicates whether termination protection is enabled on the cluster. If set to `true`, MongoDB Cloud won't delete the cluster. If set to `false`, MongoDB Cloud will delete the cluster.",
                "description_kind": "markdown",
                "optional": true,
                "computed": true
              },
              "timeouts": {
                "nested_type": {
                  "attributes": {
                    "create": {
                      "type": "string",
                      "description": "A string that can be [parsed as a duration](https://pkg.go.dev/time#ParseDuration) consisting of numbers and unit suffixes, such as \"30s\" or \"2h45m\". Valid time units are \"s\" (seconds), \"m\" (minutes), \"h\" (hours).",
                      "description_kind": "markdown",
                      "optional": true
                    },
                    "delete": {
                      "type": "string",
                      "description": "A string that can be [parsed as a duration](https://pkg.go.dev/time#ParseDuration) consisting of numbers and unit suffixes, such as \"30s\" or \"2h45m\". Valid time units are \"s\" (seconds), \"m\" (minutes), \"h\" (hours). Setting a timeout for a Delete operation is only applicable if changes are saved into state before the destroy operation occurs.",
                      "description_kind": "markdown",
                      "optional": true
                    },
                    "update": {
                      "type": "string",
                      "description": "A string that can be [parsed as a duration](https://pkg.go.dev/time#ParseDuration) consisting of numbers and unit suffixes, such as \"30s\" or \"2h45m\". Valid time units are \"s\" (seconds), \"m\" (minutes), \"h\" (hours).",
                      "description_kind": "markdown",
                      "optional": true
                    }
                  },
                  "nesting_mode": "single"
                },
                "description_kind": "plain",
                "optional": true
              },
              "use_effective_fields": {
                "type": "bool",
                "description": "Controls how hardware specification fields are returned in the response. When set to true, the non-effective specs (`electable_specs`, `read_only_specs`, `analytics_specs`) fields return the hardware specifications that the client provided. When set to false (default), the non-effective specs fields show the **current** hardware specifications. Cluster auto-scaling is the primary cause for differences between initial and current hardware specifications.",
                "description_kind": "markdown",
                "optional": true
              },
              "version_release_system": {
                "type": "string",
                "description": "Method by which the cluster maintains the MongoDB versions. If value is `CONTINUOUS`, you must not specify **mongoDBMajorVersion**.",
                "description_kind": "markdown",
                "optional": true,
                "computed": true
              }
            },
            "description_kind": "plain"
          }
        }
      }
    }
  }
}